{
  "name": "@santarasenju/blog-common",
  "version": "1.0.5",
  "lockfileVersion": 3,
  "requires": true,
  "packages": {
    "": {
      "name": "@santarasenju/blog-common",
      "version": "1.0.5",
      "license": "ISC",
      "dependencies": {
        "@santarasenju/blog-common": "^1.0.5",
        "typescript": "^5.5.4",
        "zod": "^3.23.8"
      }
    },
    "node_modules/@santarasenju/blog-common": {
      "version": "1.0.5",
      "resolved": "https://registry.npmjs.org/@santarasenju/blog-common/-/blog-common-1.0.5.tgz",
      "integrity": "sha512-7tTwqiGoGFekKu/O8XrBBYIfL7kF69HZMGxSs+qcdsyeywWkPGSuEz9eb7i9LyGWkBS/OUBu4EFaAahXiCl/eA==",
      "license": "ISC",
      "dependencies": {
        "typescript": "^5.5.4",
        "zod": "^3.23.8"
      }
    },
    "node_modules/typescript": {
      "version": "5.5.4",
      "resolved": "https://registry.npmjs.org/typescript/-/typescript-5.5.4.tgz",
      "integrity": "sha512-Mtq29sKDAEYP7aljRgtPOpTvOfbwRWlS6dPRzwjdE+C0R4brX/GUyhHSecbHMFLNBLcJIPt9nl9yG5TZ1weH+Q==",
      "bin": {
        "tsc": "bin/tsc",
        "tsserver": "bin/tsserver"
      },
      "engines": {
        "node": ">=14.17"
      }
    },
    "node_modules/zod": {
      "version": "3.23.8",
      "resolved": "https://registry.npmjs.org/zod/-/zod-3.23.8.tgz",
      "integrity": "sha512-XBx9AXhXktjUqnepgTiE5flcKIYWi/rme0Eaj+5Y0lftuGBq+jyRu/md4WnuxqgP1ubdpNCsYEYPxrzVHD8d6g==",
      "funding": {
        "url": "https://github.com/sponsors/colinhacks"
      }
    }
  }
}
